// !$*UTF8*$!
{
	archiveVersion = 1;
	classes = {
	};
	objectVersion = 46;
	objects = {

/* Begin PBXBuildFile section */
		58BE63E11F5565F900FD78AA /* AppDelegate.swift in Sources */ = {isa = PBXBuildFile; fileRef = 58BE63E01F5565F900FD78AA /* AppDelegate.swift */; };
		58BE63E31F5565F900FD78AA /* RecordSoundsViewController.swift in Sources */ = {isa = PBXBuildFile; fileRef = 58BE63E21F5565F900FD78AA /* RecordSoundsViewController.swift */; };
		58BE63E61F5565F900FD78AA /* Main.storyboard in Resources */ = {isa = PBXBuildFile; fileRef = 58BE63E41F5565F900FD78AA /* Main.storyboard */; };
		58BE63E81F5565F900FD78AA /* Assets.xcassets in Resources */ = {isa = PBXBuildFile; fileRef = 58BE63E71F5565F900FD78AA /* Assets.xcassets */; };
		58BE63EB1F5565F900FD78AA /* LaunchScreen.storyboard in Resources */ = {isa = PBXBuildFile; fileRef = 58BE63E91F5565F900FD78AA /* LaunchScreen.storyboard */; };
		58BE63F31F55930F00FD78AA /* PlaySoundsViewController.swift in Sources */ = {isa = PBXBuildFile; fileRef = 58BE63F21F55930F00FD78AA /* PlaySoundsViewController.swift */; };
		58BE63F71F56D0F500FD78AA /* playsoundsviewcontroller-audio.swift in Sources */ = {isa = PBXBuildFile; fileRef = 58BE63F61F56D0F500FD78AA /* playsoundsviewcontroller-audio.swift */; };
/* End PBXBuildFile section */

/* Begin PBXFileReference section */
		58BE63DD1F5565F900FD78AA /* PitchPerfect.app */ = {isa = PBXFileReference; explicitFileType = wrapper.application; includeInIndex = 0; path = PitchPerfect.app; sourceTree = BUILT_PRODUCTS_DIR; };
		58BE63E01F5565F900FD78AA /* AppDelegate.swift */ = {isa = PBXFileReference; lastKnownFileType = sourcecode.swift; path = AppDelegate.swift; sourceTree = "<group>"; };
		58BE63E21F5565F900FD78AA /* RecordSoundsViewController.swift */ = {isa = PBXFileReference; lastKnownFileType = sourcecode.swift; path = RecordSoundsViewController.swift; sourceTree = "<group>"; };
		58BE63E51F5565F900FD78AA /* Base */ = {isa = PBXFileReference; lastKnownFileType = file.storyboard; name = Base; path = Base.lproj/Main.storyboard; sourceTree = "<group>"; };
		58BE63E71F5565F900FD78AA /* Assets.xcassets */ = {isa = PBXFileReference; lastKnownFileType = folder.assetcatalog; path = Assets.xcassets; sourceTree = "<group>"; };
		58BE63EA1F5565F900FD78AA /* Base */ = {isa = PBXFileReference; lastKnownFileType = file.storyboard; name = Base; path = Base.lproj/LaunchScreen.storyboard; sourceTree = "<group>"; };
		58BE63EC1F5565F900FD78AA /* Info.plist */ = {isa = PBXFileReference; lastKnownFileType = text.plist.xml; path = Info.plist; sourceTree = "<group>"; };
		58BE63F21F55930F00FD78AA /* PlaySoundsViewController.swift */ = {isa = PBXFileReference; fileEncoding = 4; lastKnownFileType = sourcecode.swift; path = PlaySoundsViewController.swift; sourceTree = "<group>"; };
		58BE63F61F56D0F500FD78AA /* playsoundsviewcontroller-audio.swift */ = {isa = PBXFileReference; fileEncoding = 4; lastKnownFileType = sourcecode.swift; path = "playsoundsviewcontroller-audio.swift"; sourceTree = "<group>"; };
/* End PBXFileReference section */

/* Begin PBXFrameworksBuildPhase section */
		58BE63DA1F5565F900FD78AA /* Frameworks */ = {
			isa = PBXFrameworksBuildPhase;
			buildActionMask = 2147483647;
			files = (
			);
			runOnlyForDeploymentPostprocessing = 0;
		};
/* End PBXFrameworksBuildPhase section */

/* Begin PBXGroup section */
		58BE63D41F5565F900FD78AA = {
			isa = PBXGroup;
			children = (
				58BE63DF1F5565F900FD78AA /* PitchPerfect */,
				58BE63DE1F5565F900FD78AA /* Products */,
				58BE63F91F57743600FD78AA /* Frameworks */,
			);
			sourceTree = "<group>";
		};
		58BE63DE1F5565F900FD78AA /* Products */ = {
			isa = PBXGroup;
			children = (
				58BE63DD1F5565F900FD78AA /* PitchPerfect.app */,
			);
			name = Products;
			sourceTree = "<group>";
		};
		58BE63DF1F5565F900FD78AA /* PitchPerfect */ = {
			isa = PBXGroup;
			children = (
				58BE63E01F5565F900FD78AA /* AppDelegate.swift */,
				58BE63E21F5565F900FD78AA /* RecordSoundsViewController.swift */,
				58BE63F21F55930F00FD78AA /* PlaySoundsViewController.swift */,
				58BE63F61F56D0F500FD78AA /* playsoundsviewcontroller-audio.swift */,
				58BE63E41F5565F900FD78AA /* Main.storyboard */,
				58BE63E71F5565F900FD78AA /* Assets.xcassets */,
				58BE63E91F5565F900FD78AA /* LaunchScreen.storyboard */,
				58BE63EC1F5565F900FD78AA /* Info.plist */,
			);
			path = PitchPerfect;
			sourceTree = "<group>";
		};
		58BE63F91F57743600FD78AA /* Frameworks */ = {
			isa = PBXGroup;
			children = (
			);
			name = Frameworks;
			sourceTree = "<group>";
		};
/* End PBXGroup section */

/* Begin PBXNativeTarget section */
		58BE63DC1F5565F900FD78AA /* PitchPerfect */ = {
			isa = PBXNativeTarget;
			buildConfigurationList = 58BE63EF1F5565F900FD78AA /* Build configuration list for PBXNativeTarget "PitchPerfect" */;
			buildPhases = (
				58BE63D91F5565F900FD78AA /* Sources */,
				58BE63DA1F5565F900FD78AA /* Frameworks */,
				58BE63DB1F5565F900FD78AA /* Resources */,
			);
			buildRules = (
			);
			dependencies = (
			);
			name = PitchPerfect;
			productName = PitchPerfect;
			productReference = 58BE63DD1F5565F900FD78AA /* PitchPerfect.app */;
			productType = "com.apple.product-type.application";
		};
/* End PBXNativeTarget section */

/* Begin PBXProject section */
		58BE63D51F5565F900FD78AA /* Project object */ = {
			isa = PBXProject;
			attributes = {
				LastSwiftUpdateCheck = 0830;
				LastUpgradeCheck = 0830;
				ORGANIZATIONNAME = "Fox Apps";
				TargetAttributes = {
					58BE63DC1F5565F900FD78AA = {
						CreatedOnToolsVersion = 8.3.3;
						DevelopmentTeam = W7J2A36H3Z;
						ProvisioningStyle = Automatic;
						SystemCapabilities = {
							com.apple.InterAppAudio = {
								enabled = 0;
							};
						};
					};
				};
			};
			buildConfigurationList = 58BE63D81F5565F900FD78AA /* Build configuration list for PBXProject "PitchPerfect" */;
			compatibilityVersion = "Xcode 3.2";
			developmentRegion = English;
			hasScannedForEncodings = 0;
			knownRegions = (
				en,
				Base,
			);
			mainGroup = 58BE63D41F5565F900FD78AA;
			productRefGroup = 58BE63DE1F5565F900FD78AA /* Products */;
			projectDirPath = "";
			projectRoot = "";
			targets = (
				58BE63DC1F5565F900FD78AA /* PitchPerfect */,
			);
		};
/* End PBXProject section */

/* Begin PBXResourcesBuildPhase section */
		58BE63DB1F5565F900FD78AA /* Resources */ = {
			isa = PBXResourcesBuildPhase;
			buildActionMask = 2147483647;
			files = (
				58BE63EB1F5565F900FD78AA /* LaunchScreen.storyboard in Resources */,
				58BE63E81F5565F900FD78AA /* Assets.xcassets in Resources */,
				58BE63E61F5565F900FD78AA /* Main.storyboard in Resources */,
			);
			runOnlyForDeploymentPostprocessing = 0;
		};
/* End PBXResourcesBuildPhase section */

/* Begin PBXSourcesBuildPhase section */
		58BE63D91F5565F900FD78AA /* Sources */ = {
			isa = PBXSourcesBuildPhase;
			buildActionMask = 2147483647;
			files = (
				58BE63E31F5565F900FD78AA /* RecordSoundsViewController.swift in Sources */,
				58BE63F31F55930F00FD78AA /* PlaySoundsViewController.swift in Sources */,
				58BE63E11F5565F900FD78AA /* AppDelegate.swift in Sources */,
				58BE63F71F56D0F500FD78AA /* playsoundsviewcontroller-audio.swift in Sources */,
			);
			runOnlyForDeploymentPostprocessing = 0;
		};
/* End PBXSourcesBuildPhase section */

/* Begin PBXVariantGroup section */
		58BE63E41F5565F900FD78AA /* Main.storyboard */ = {
			isa = PBXVariantGroup;
			children = (
				58BE63E51F5565F900FD78AA /* Base */,
			);
			name = Main.storyboard;
			sourceTree = "<group>";
		};
		58BE63E91F5565F900FD78AA /* LaunchScreen.storyboard */ = {
			isa = PBXVariantGroup;
			children = (
				58BE63EA1F5565F900FD78AA /* Base */,
			);
			name = LaunchScreen.storyboard;
			sourceTree = "<group>";
		};
/* End PBXVariantGroup section */

/* Begin XCBuildConfiguration section */
		58BE63ED1F5565F900FD78AA /* Debug */ = {
			isa = XCBuildConfiguration;
			buildSettings = {
				ALWAYS_SEARCH_USER_PATHS = NO;
				CLANG_ANALYZER_NONNULL = YES;
				CLANG_ANALYZER_NUMBER_OBJECT_CONVERSION = YES_AGGRESSIVE;
				CLANG_CXX_LANGUAGE_STANDARD = "gnu++0x";
				CLANG_CXX_LIBRARY = "libc++";
				CLANG_ENABLE_MODULES = YES;
				CLANG_ENABLE_OBJC_ARC = YES;
				CLANG_WARN_BOOL_CONVERSION = YES;
				CLANG_WARN_CONSTANT_CONVERSION = YES;
				CLANG_WARN_DIRECT_OBJC_ISA_USAGE = YES_ERROR;
				CLANG_WARN_DOCUMENTATION_COMMENTS = YES;
				CLANG_WARN_EMPTY_BODY = YES;
				CLANG_WARN_ENUM_CONVERSION = YES;
				CLANG_WARN_INFINITE_RECURSION = YES;
				CLANG_WARN_INT_CONVERSION = YES;
				CLANG_WARN_OBJC_ROOT_CLASS = YES_ERROR;
				CLANG_WARN_SUSPICIOUS_MOVE = YES;
				CLANG_WARN_UNREACHABLE_CODE = YES;
				CLANG_WARN__DUPLICATE_METHOD_MATCH = YES;
				"CODE_SIGN_IDENTITY[sdk=iphoneos*]" = "iPhone Developer";
				COPY_PHASE_STRIP = NO;
				DEBUG_INFORMATION_FORMAT = dwarf;
				ENABLE_STRICT_OBJC_MSGSEND = YES;
				ENABLE_TESTABILITY = YES;
				GCC_C_LANGUAGE_STANDARD = gnu99;
				GCC_DYNAMIC_NO_PIC = NO;
				GCC_NO_COMMON_BLOCKS = YES;
				GCC_OPTIMIZATION_LEVEL = 0;
				GCC_PREPROCESSOR_DEFINITIONS = (
					"DEBUG=1",
					"$(inherited)",
				);
				GCC_WARN_64_TO_32_BIT_CONVERSION = YES;
				GCC_WARN_ABOUT_RETURN_TYPE = YES_ERROR;
				GCC_WARN_UNDECLARED_SELECTOR = YES;
				GCC_WARN_UNINITIALIZED_AUTOS = YES_AGGRESSIVE;
				GCC_WARN_UNUSED_FUNCTION = YES;
				GCC_WARN_UNUSED_VARIABLE = YES;
				IPHONEOS_DEPLOYMENT_TARGET = 10.3;
				MTL_ENABLE_DEBUG_INFO = YES;
				ONLY_ACTIVE_ARCH = YES;
				SDKROOT = iphoneos;
				SWIFT_ACTIVE_COMPILATION_CONDITIONS = DEBUG;
				SWIFT_OPTIMIZATION_LEVEL = "-Onone";
				TARGETED_DEVICE_FAMILY = "1,2";
			};
			name = Debug;
		};
		58BE63EE1F5565F900FD78AA /* Release */ = {
			isa = XCBuildConfiguration;
			buildSettings = {
				ALWAYS_SEARCH_USER_PATHS = NO;
				CLANG_ANALYZER_NONNULL = YES;
				CLANG_ANALYZER_NUMBER_OBJECT_CONVERSION = YES_AGGRESSIVE;
				CLANG_CXX_LANGUAGE_STANDARD = "gnu++0x";
				CLANG_CXX_LIBRARY = "libc++";
				CLANG_ENABLE_MODULES = YES;
				CLANG_ENABLE_OBJC_ARC = YES;
				CLANG_WARN_BOOL_CONVERSION = YES;
				CLANG_WARN_CONSTANT_CONVERSION = YES;
				CLANG_WARN_DIRECT_OBJC_ISA_USAGE = YES_ERROR;
				CLANG_WARN_DOCUMENTATION_COMMENTS = YES;
				CLANG_WARN_EMPTY_BODY = YES;
				CLANG_WARN_ENUM_CONVERSION = YES;
				CLANG_WARN_INFINITE_RECURSION = YES;
				CLANG_WARN_INT_CONVERSION = YES;
				CLANG_WARN_OBJC_ROOT_CLASS = YES_ERROR;
				CLANG_WARN_SUSPICIOUS_MOVE = YES;
				CLANG_WARN_UNREACHABLE_CODE = YES;
				CLANG_WARN__DUPLICATE_METHOD_MATCH = YES;
				"CODE_SIGN_IDENTITY[sdk=iphoneos*]" = "iPhone Developer";
				COPY_PHASE_STRIP = NO;
				DEBUG_INFORMATION_FORMAT = "dwarf-with-dsym";
				ENABLE_NS_ASSERTIONS = NO;
				ENABLE_STRICT_OBJC_MSGSEND = YES;
				GCC_C_LANGUAGE_STANDARD = gnu99;
				GCC_NO_COMMON_BLOCKS = YES;
				GCC_WARN_64_TO_32_BIT_CONVERSION = YES;
				GCC_WARN_ABOUT_RETURN_TYPE = YES_ERROR;
				GCC_WARN_UNDECLARED_SELECTOR = YES;
				GCC_WARN_UNINITIALIZED_AUTOS = YES_AGGRESSIVE;
				GCC_WARN_UNUSED_FUNCTION = YES;
				GCC_WARN_UNUSED_VARIABLE = YES;
				IPHONEOS_DEPLOYMENT_TARGET = 10.3;
				MTL_ENABLE_DEBUG_INFO = NO;
				SDKROOT = iphoneos;
				SWIFT_OPTIMIZATION_LEVEL = "-Owholemodule";
				TARGETED_DEVICE_FAMILY = "1,2";
				VALIDATE_PRODUCT = YES;
			};
			name = Release;
		};
		58BE63F01F5565F900FD78AA /* Debug */ = {
			isa = XCBuildConfiguration;
			buildSettings = {
				ASSETCATALOG_COMPILER_APPICON_NAME = AppIcon;
				DEVELOPMENT_TEAM = W7J2A36H3Z;
				INFOPLIST_FILE = PitchPerfect/Info.plist;
				IPHONEOS_DEPLOYMENT_TARGET = 10.2;
				LD_RUNPATH_SEARCH_PATHS = "$(inherited) @executable_path/Frameworks";
				PRODUCT_BUNDLE_IDENTIFIER = com.FoxApps.PitchPerfect;
				PRODUCT_NAME = "$(TARGET_NAME)";
				SWIFT_VERSION = 3.0;
			};
			name = Debug;
		};
		58BE63F11F5565F900FD78AA /* Release */ = {
			isa = XCBuildConfiguration;
			buildSettings = {
				ASSETCATALOG_COMPILER_APPICON_NAME = AppIcon;
				DEVELOPMENT_TEAM = W7J2A36H3Z;
				INFOPLIST_FILE = PitchPerfect/Info.plist;
				IPHONEOS_DEPLOYMENT_TARGET = 10.2;
				LD_RUNPATH_SEARCH_PATHS = "$(inherited) @executable_path/Frameworks";
				PRODUCT_BUNDLE_IDENTIFIER = com.FoxApps.PitchPerfect;
				PRODUCT_NAME = "$(TARGET_NAME)";
				SWIFT_VERSION = 3.0;
			};
			name = Release;
		};
/* End XCBuildConfiguration section */

/* Begin XCConfigurationList section */
		58BE63D81F5565F900FD78AA /* Build configuration list for PBXProject "PitchPerfect" */ = {
			isa = XCConfigurationList;
			buildConfigurations = (
				58BE63ED1F5565F900FD78AA /* Debug */,
				58BE63EE1F5565F900FD78AA /* Release */,
			);
			defaultConfigurationIsVisible = 0;
			defaultConfigurationName = Release;
		};
		58BE63EF1F5565F900FD78AA /* Build configuration list for PBXNativeTarget "PitchPerfect" */ = {
			isa = XCConfigurationList;
			buildConfigurations = (
				58BE63F01F5565F900FD78AA /* Debug */,
				58BE63F11F5565F900FD78AA /* Release */,
			);
			defaultConfigurationIsVisible = 0;
			defaultConfigurationName = Release;
		};
/* End XCConfigurationList section */
	};
	rootObject = 58BE63D51F5565F900FD78AA /* Project object */;
}
